// !$*UTF8*$!
{
	archiveVersion = 1;
	classes = {
	};
	objectVersion = 48;
	objects = {

/* Begin PBXBuildFile section */
		DB88636D201D3C7F00E2613E /* AppDelegate.swift in Sources */ = {isa = PBXBuildFile; fileRef = DB88636C201D3C7F00E2613E /* AppDelegate.swift */; };
		DB88636F201D3C7F00E2613E /* HomeViewController.swift in Sources */ = {isa = PBXBuildFile; fileRef = DB88636E201D3C7F00E2613E /* HomeViewController.swift */; };
		DB886372201D3C7F00E2613E /* Main.storyboard in Resources */ = {isa = PBXBuildFile; fileRef = DB886370201D3C7F00E2613E /* Main.storyboard */; };
		DB886374201D3C7F00E2613E /* Assets.xcassets in Resources */ = {isa = PBXBuildFile; fileRef = DB886373201D3C7F00E2613E /* Assets.xcassets */; };
		DB886377201D3C7F00E2613E /* LaunchScreen.storyboard in Resources */ = {isa = PBXBuildFile; fileRef = DB886375201D3C7F00E2613E /* LaunchScreen.storyboard */; };
		DB886382201D3C7F00E2613E /* tippyTests.swift in Sources */ = {isa = PBXBuildFile; fileRef = DB886381201D3C7F00E2613E /* tippyTests.swift */; };
		DB88638D201D3C8000E2613E /* tippyUITests.swift in Sources */ = {isa = PBXBuildFile; fileRef = DB88638C201D3C8000E2613E /* tippyUITests.swift */; };
		DB88639D201E529E00E2613E /* SettingsViewController.swift in Sources */ = {isa = PBXBuildFile; fileRef = DB88639C201E529E00E2613E /* SettingsViewController.swift */; };
/* End PBXBuildFile section */

/* Begin PBXContainerItemProxy section */
		DB88637E201D3C7F00E2613E /* PBXContainerItemProxy */ = {
			isa = PBXContainerItemProxy;
			containerPortal = DB886361201D3C7F00E2613E /* Project object */;
			proxyType = 1;
			remoteGlobalIDString = DB886368201D3C7F00E2613E;
			remoteInfo = tippy;
		};
		DB886389201D3C8000E2613E /* PBXContainerItemProxy */ = {
			isa = PBXContainerItemProxy;
			containerPortal = DB886361201D3C7F00E2613E /* Project object */;
			proxyType = 1;
			remoteGlobalIDString = DB886368201D3C7F00E2613E;
			remoteInfo = tippy;
		};
/* End PBXContainerItemProxy section */

/* Begin PBXFileReference section */
		DB886369201D3C7F00E2613E /* tippy.app */ = {isa = PBXFileReference; explicitFileType = wrapper.application; includeInIndex = 0; path = tippy.app; sourceTree = BUILT_PRODUCTS_DIR; };
		DB88636C201D3C7F00E2613E /* AppDelegate.swift */ = {isa = PBXFileReference; lastKnownFileType = sourcecode.swift; path = AppDelegate.swift; sourceTree = "<group>"; };
		DB88636E201D3C7F00E2613E /* HomeViewController.swift */ = {isa = PBXFileReference; lastKnownFileType = sourcecode.swift; path = HomeViewController.swift; sourceTree = "<group>"; xcLanguageSpecificationIdentifier = xcode.lang.simpleColoring; };
		DB886371201D3C7F00E2613E /* Base */ = {isa = PBXFileReference; lastKnownFileType = file.storyboard; name = Base; path = Base.lproj/Main.storyboard; sourceTree = "<group>"; };
		DB886373201D3C7F00E2613E /* Assets.xcassets */ = {isa = PBXFileReference; lastKnownFileType = folder.assetcatalog; path = Assets.xcassets; sourceTree = "<group>"; };
		DB886376201D3C7F00E2613E /* Base */ = {isa = PBXFileReference; lastKnownFileType = file.storyboard; name = Base; path = Base.lproj/LaunchScreen.storyboard; sourceTree = "<group>"; };
		DB886378201D3C7F00E2613E /* Info.plist */ = {isa = PBXFileReference; lastKnownFileType = text.plist.xml; path = Info.plist; sourceTree = "<group>"; };
		DB88637D201D3C7F00E2613E /* tippyTests.xctest */ = {isa = PBXFileReference; explicitFileType = wrapper.cfbundle; includeInIndex = 0; path = tippyTests.xctest; sourceTree = BUILT_PRODUCTS_DIR; };
		DB886381201D3C7F00E2613E /* tippyTests.swift */ = {isa = PBXFileReference; lastKnownFileType = sourcecode.swift; path = tippyTests.swift; sourceTree = "<group>"; };
		DB886383201D3C7F00E2613E /* Info.plist */ = {isa = PBXFileReference; lastKnownFileType = text.plist.xml; path = Info.plist; sourceTree = "<group>"; };
		DB886388201D3C8000E2613E /* tippyUITests.xctest */ = {isa = PBXFileReference; explicitFileType = wrapper.cfbundle; includeInIndex = 0; path = tippyUITests.xctest; sourceTree = BUILT_PRODUCTS_DIR; };
		DB88638C201D3C8000E2613E /* tippyUITests.swift */ = {isa = PBXFileReference; lastKnownFileType = sourcecode.swift; path = tippyUITests.swift; sourceTree = "<group>"; };
		DB88638E201D3C8000E2613E /* Info.plist */ = {isa = PBXFileReference; lastKnownFileType = text.plist.xml; path = Info.plist; sourceTree = "<group>"; };
		DB88639C201E529E00E2613E /* SettingsViewController.swift */ = {isa = PBXFileReference; lastKnownFileType = sourcecode.swift; path = SettingsViewController.swift; sourceTree = "<group>"; };
/* End PBXFileReference section */

/* Begin PBXFrameworksBuildPhase section */
		DB886366201D3C7F00E2613E /* Frameworks */ = {
			isa = PBXFrameworksBuildPhase;
			buildActionMask = 2147483647;
			files = (
			);
			runOnlyForDeploymentPostprocessing = 0;
		};
		DB88637A201D3C7F00E2613E /* Frameworks */ = {
			isa = PBXFrameworksBuildPhase;
			buildActionMask = 2147483647;
			files = (
			);
			runOnlyForDeploymentPostprocessing = 0;
		};
		DB886385201D3C8000E2613E /* Frameworks */ = {
			isa = PBXFrameworksBuildPhase;
			buildActionMask = 2147483647;
			files = (
			);
			runOnlyForDeploymentPostprocessing = 0;
		};
/* End PBXFrameworksBuildPhase section */

/* Begin PBXGroup section */
		DB886360201D3C7F00E2613E = {
			isa = PBXGroup;
			children = (
				DB88636B201D3C7F00E2613E /* tippy */,
				DB886380201D3C7F00E2613E /* tippyTests */,
				DB88638B201D3C8000E2613E /* tippyUITests */,
				DB88636A201D3C7F00E2613E /* Products */,
			);
			sourceTree = "<group>";
		};
		DB88636A201D3C7F00E2613E /* Products */ = {
			isa = PBXGroup;
			children = (
				DB886369201D3C7F00E2613E /* tippy.app */,
				DB88637D201D3C7F00E2613E /* tippyTests.xctest */,
				DB886388201D3C8000E2613E /* tippyUITests.xctest */,
			);
			name = Products;
			sourceTree = "<group>";
		};
		DB88636B201D3C7F00E2613E /* tippy */ = {
			isa = PBXGroup;
			children = (
				DB88636C201D3C7F00E2613E /* AppDelegate.swift */,
				DB88636E201D3C7F00E2613E /* HomeViewController.swift */,
				DB88639C201E529E00E2613E /* SettingsViewController.swift */,
				DB886370201D3C7F00E2613E /* Main.storyboard */,
				DB886373201D3C7F00E2613E /* Assets.xcassets */,
				DB886375201D3C7F00E2613E /* LaunchScreen.storyboard */,
				DB886378201D3C7F00E2613E /* Info.plist */,
			);
			path = tippy;
			sourceTree = "<group>";
		};
		DB886380201D3C7F00E2613E /* tippyTests */ = {
			isa = PBXGroup;
			children = (
				DB886381201D3C7F00E2613E /* tippyTests.swift */,
				DB886383201D3C7F00E2613E /* Info.plist */,
			);
			path = tippyTests;
			sourceTree = "<group>";
		};
		DB88638B201D3C8000E2613E /* tippyUITests */ = {
			isa = PBXGroup;
			children = (
				DB88638C201D3C8000E2613E /* tippyUITests.swift */,
				DB88638E201D3C8000E2613E /* Info.plist */,
			);
			path = tippyUITests;
			sourceTree = "<group>";
		};
/* End PBXGroup section */

/* Begin PBXNativeTarget section */
		DB886368201D3C7F00E2613E /* tippy */ = {
			isa = PBXNativeTarget;
			buildConfigurationList = DB886391201D3C8000E2613E /* Build configuration list for PBXNativeTarget "tippy" */;
			buildPhases = (
				DB886365201D3C7F00E2613E /* Sources */,
				DB886366201D3C7F00E2613E /* Frameworks */,
				DB886367201D3C7F00E2613E /* Resources */,
			);
			buildRules = (
			);
			dependencies = (
			);
			name = tippy;
			productName = tippy;
			productReference = DB886369201D3C7F00E2613E /* tippy.app */;
			productType = "com.apple.product-type.application";
		};
		DB88637C201D3C7F00E2613E /* tippyTests */ = {
			isa = PBXNativeTarget;
			buildConfigurationList = DB886394201D3C8000E2613E /* Build configuration list for PBXNativeTarget "tippyTests" */;
			buildPhases = (
				DB886379201D3C7F00E2613E /* Sources */,
				DB88637A201D3C7F00E2613E /* Frameworks */,
				DB88637B201D3C7F00E2613E /* Resources */,
			);
			buildRules = (
			);
			dependencies = (
				DB88637F201D3C7F00E2613E /* PBXTargetDependency */,
			);
			name = tippyTests;
			productName = tippyTests;
			productReference = DB88637D201D3C7F00E2613E /* tippyTests.xctest */;
			productType = "com.apple.product-type.bundle.unit-test";
		};
		DB886387201D3C8000E2613E /* tippyUITests */ = {
			isa = PBXNativeTarget;
			buildConfigurationList = DB886397201D3C8000E2613E /* Build configuration list for PBXNativeTarget "tippyUITests" */;
			buildPhases = (
				DB886384201D3C8000E2613E /* Sources */,
				DB886385201D3C8000E2613E /* Frameworks */,
				DB886386201D3C8000E2613E /* Resources */,
			);
			buildRules = (
			);
			dependencies = (
				DB88638A201D3C8000E2613E /* PBXTargetDependency */,
			);
			name = tippyUITests;
			productName = tippyUITests;
			productReference = DB886388201D3C8000E2613E /* tippyUITests.xctest */;
			productType = "com.apple.product-type.bundle.ui-testing";
		};
/* End PBXNativeTarget section */

/* Begin PBXProject section */
		DB886361201D3C7F00E2613E /* Project object */ = {
			isa = PBXProject;
			attributes = {
				LastSwiftUpdateCheck = 0920;
				LastUpgradeCheck = 0920;
				ORGANIZATIONNAME = "Mavey Ma";
				TargetAttributes = {
					DB886368201D3C7F00E2613E = {
						CreatedOnToolsVersion = 9.2;
						ProvisioningStyle = Automatic;
					};
					DB88637C201D3C7F00E2613E = {
						CreatedOnToolsVersion = 9.2;
						ProvisioningStyle = Automatic;
						TestTargetID = DB886368201D3C7F00E2613E;
					};
					DB886387201D3C8000E2613E = {
						CreatedOnToolsVersion = 9.2;
						ProvisioningStyle = Automatic;
						TestTargetID = DB886368201D3C7F00E2613E;
					};
				};
			};
			buildConfigurationList = DB886364201D3C7F00E2613E /* Build configuration list for PBXProject "tippy" */;
			compatibilityVersion = "Xcode 8.0";
			developmentRegion = en;
			hasScannedForEncodings = 0;
			knownRegions = (
				en,
				Base,
			);
			mainGroup = DB886360201D3C7F00E2613E;
			productRefGroup = DB88636A201D3C7F00E2613E /* Products */;
			projectDirPath = "";
			projectRoot = "";
			targets = (
				DB886368201D3C7F00E2613E /* tippy */,
				DB88637C201D3C7F00E2613E /* tippyTests */,
				DB886387201D3C8000E2613E /* tippyUITests */,
			);
		};
/* End PBXProject section */

/* Begin PBXResourcesBuildPhase section */
		DB886367201D3C7F00E2613E /* Resources */ = {
			isa = PBXResourcesBuildPhase;
			buildActionMask = 2147483647;
			files = (
				DB886377201D3C7F00E2613E /* LaunchScreen.storyboard in Resources */,
				DB886374201D3C7F00E2613E /* Assets.xcassets in Resources */,
				DB886372201D3C7F00E2613E /* Main.storyboard in Resources */,
			);
			runOnlyForDeploymentPostprocessing = 0;
		};
		DB88637B201D3C7F00E2613E /* Resources */ = {
			isa = PBXResourcesBuildPhase;
			buildActionMask = 2147483647;
			files = (
			);
			runOnlyForDeploymentPostprocessing = 0;
		};
		DB886386201D3C8000E2613E /* Resources */ = {
			isa = PBXResourcesBuildPhase;
			buildActionMask = 2147483647;
			files = (
			);
			runOnlyForDeploymentPostprocessing = 0;
		};
/* End PBXResourcesBuildPhase section */

/* Begin PBXSourcesBuildPhase section */
		DB886365201D3C7F00E2613E /* Sources */ = {
			isa = PBXSourcesBuildPhase;
			buildActionMask = 2147483647;
			files = (
				DB88636F201D3C7F00E2613E /* HomeViewController.swift in Sources */,
				DB88636D201D3C7F00E2613E /* AppDelegate.swift in Sources */,
				DB88639D201E529E00E2613E /* SettingsViewController.swift in Sources */,
			);
			runOnlyForDeploymentPostprocessing = 0;
		};
		DB886379201D3C7F00E2613E /* Sources */ = {
			isa = PBXSourcesBuildPhase;
			buildActionMask = 2147483647;
			files = (
				DB886382201D3C7F00E2613E /* tippyTests.swift in Sources */,
			);
			runOnlyForDeploymentPostprocessing = 0;
		};
		DB886384201D3C8000E2613E /* Sources */ = {
			isa = PBXSourcesBuildPhase;
			buildActionMask = 2147483647;
			files = (
				DB88638D201D3C8000E2613E /* tippyUITests.swift in Sources */,
			);
			runOnlyForDeploymentPostprocessing = 0;
		};
/* End PBXSourcesBuildPhase section */

/* Begin PBXTargetDependency section */
		DB88637F201D3C7F00E2613E /* PBXTargetDependency */ = {
			isa = PBXTargetDependency;
			target = DB886368201D3C7F00E2613E /* tippy */;
			targetProxy = DB88637E201D3C7F00E2613E /* PBXContainerItemProxy */;
		};
		DB88638A201D3C8000E2613E /* PBXTargetDependency */ = {
			isa = PBXTargetDependency;
			target = DB886368201D3C7F00E2613E /* tippy */;
			targetProxy = DB886389201D3C8000E2613E /* PBXContainerItemProxy */;
		};
/* End PBXTargetDependency section */

/* Begin PBXVariantGroup section */
		DB886370201D3C7F00E2613E /* Main.storyboard */ = {
			isa = PBXVariantGroup;
			children = (
				DB886371201D3C7F00E2613E /* Base */,
			);
			name = Main.storyboard;
			sourceTree = "<group>";
		};
		DB886375201D3C7F00E2613E /* LaunchScreen.storyboard */ = {
			isa = PBXVariantGroup;
			children = (
				DB886376201D3C7F00E2613E /* Base */,
			);
			name = LaunchScreen.storyboard;
			sourceTree = "<group>";
		};
/* End PBXVariantGroup section */

/* Begin XCBuildConfiguration section */
		DB88638F201D3C8000E2613E /* Debug */ = {
			isa = XCBuildConfiguration;
			buildSettings = {
				ALWAYS_SEARCH_USER_PATHS = NO;
				CLANG_ANALYZER_NONNULL = YES;
				CLANG_ANALYZER_NUMBER_OBJECT_CONVERSION = YES_AGGRESSIVE;
				CLANG_CXX_LANGUAGE_STANDARD = "gnu++14";
				CLANG_CXX_LIBRARY = "libc++";
				CLANG_ENABLE_MODULES = YES;
				CLANG_ENABLE_OBJC_ARC = YES;
				CLANG_WARN_BLOCK_CAPTURE_AUTORELEASING = YES;
				CLANG_WARN_BOOL_CONVERSION = YES;
				CLANG_WARN_COMMA = YES;
				CLANG_WARN_CONSTANT_CONVERSION = YES;
				CLANG_WARN_DIRECT_OBJC_ISA_USAGE = YES_ERROR;
				CLANG_WARN_DOCUMENTATION_COMMENTS = YES;
				CLANG_WARN_EMPTY_BODY = YES;
				CLANG_WARN_ENUM_CONVERSION = YES;
				CLANG_WARN_INFINITE_RECURSION = YES;
				CLANG_WARN_INT_CONVERSION = YES;
				CLANG_WARN_NON_LITERAL_NULL_CONVERSION = YES;
				CLANG_WARN_OBJC_LITERAL_CONVERSION = YES;
				CLANG_WARN_OBJC_ROOT_CLASS = YES_ERROR;
				CLANG_WARN_RANGE_LOOP_ANALYSIS = YES;
				CLANG_WARN_STRICT_PROTOTYPES = YES;
				CLANG_WARN_SUSPICIOUS_MOVE = YES;
				CLANG_WARN_UNGUARDED_AVAILABILITY = YES_AGGRESSIVE;
				CLANG_WARN_UNREACHABLE_CODE = YES;
				CLANG_WARN__DUPLICATE_METHOD_MATCH = YES;
				CODE_SIGN_IDENTITY = "iPhone Developer";
				COPY_PHASE_STRIP = NO;
				DEBUG_INFORMATION_FORMAT = dwarf;
				ENABLE_STRICT_OBJC_MSGSEND = YES;
				ENABLE_TESTABILITY = YES;
				GCC_C_LANGUAGE_STANDARD = gnu11;
				GCC_DYNAMIC_NO_PIC = NO;
				GCC_NO_COMMON_BLOCKS = YES;
				GCC_OPTIMIZATION_LEVEL = 0;
				GCC_PREPROCESSOR_DEFINITIONS = (
					"DEBUG=1",
					"$(inherited)",
				);
				GCC_WARN_64_TO_32_BIT_CONVERSION = YES;
				GCC_WARN_ABOUT_RETURN_TYPE = YES_ERROR;
				GCC_WARN_UNDECLARED_SELECTOR = YES;
				GCC_WARN_UNINITIALIZED_AUTOS = YES_AGGRESSIVE;
				GCC_WARN_UNUSED_FUNCTION = YES;
				GCC_WARN_UNUSED_VARIABLE = YES;
				IPHONEOS_DEPLOYMENT_TARGET = 11.2;
				MTL_ENABLE_DEBUG_INFO = YES;
				ONLY_ACTIVE_ARCH = YES;
				SDKROOT = iphoneos;
				SWIFT_ACTIVE_COMPILATION_CONDITIONS = DEBUG;
				SWIFT_OPTIMIZATION_LEVEL = "-Onone";
			};
			name = Debug;
		};
		DB886390201D3C8000E2613E /* Release */ = {
			isa = XCBuildConfiguration;
			buildSettings = {
				ALWAYS_SEARCH_USER_PATHS = NO;
				CLANG_ANALYZER_NONNULL = YES;
				CLANG_ANALYZER_NUMBER_OBJECT_CONVERSION = YES_AGGRESSIVE;
				CLANG_CXX_LANGUAGE_STANDARD = "gnu++14";
				CLANG_CXX_LIBRARY = "libc++";
				CLANG_ENABLE_MODULES = YES;
				CLANG_ENABLE_OBJC_ARC = YES;
				CLANG_WARN_BLOCK_CAPTURE_AUTORELEASING = YES;
				CLANG_WARN_BOOL_CONVERSION = YES;
				CLANG_WARN_COMMA = YES;
				CLANG_WARN_CONSTANT_CONVERSION = YES;
				CLANG_WARN_DIRECT_OBJC_ISA_USAGE = YES_ERROR;
				CLANG_WARN_DOCUMENTATION_COMMENTS = YES;
				CLANG_WARN_EMPTY_BODY = YES;
				CLANG_WARN_ENUM_CONVERSION = YES;
				CLANG_WARN_INFINITE_RECURSION = YES;
				CLANG_WARN_INT_CONVERSION = YES;
				CLANG_WARN_NON_LITERAL_NULL_CONVERSION = YES;
				CLANG_WARN_OBJC_LITERAL_CONVERSION = YES;
				CLANG_WARN_OBJC_ROOT_CLASS = YES_ERROR;
				CLANG_WARN_RANGE_LOOP_ANALYSIS = YES;
				CLANG_WARN_STRICT_PROTOTYPES = YES;
				CLANG_WARN_SUSPICIOUS_MOVE = YES;
				CLANG_WARN_UNGUARDED_AVAILABILITY = YES_AGGRESSIVE;
				CLANG_WARN_UNREACHABLE_CODE = YES;
				CLANG_WARN__DUPLICATE_METHOD_MATCH = YES;
				CODE_SIGN_IDENTITY = "iPhone Developer";
				COPY_PHASE_STRIP = NO;
				DEBUG_INFORMATION_FORMAT = "dwarf-with-dsym";
				ENABLE_NS_ASSERTIONS = NO;
				ENABLE_STRICT_OBJC_MSGSEND = YES;
				GCC_C_LANGUAGE_STANDARD = gnu11;
				GCC_NO_COMMON_BLOCKS = YES;
				GCC_WARN_64_TO_32_BIT_CONVERSION = YES;
				GCC_WARN_ABOUT_RETURN_TYPE = YES_ERROR;
				GCC_WARN_UNDECLARED_SELECTOR = YES;
				GCC_WARN_UNINITIALIZED_AUTOS = YES_AGGRESSIVE;
				GCC_WARN_UNUSED_FUNCTION = YES;
				GCC_WARN_UNUSED_VARIABLE = YES;
				IPHONEOS_DEPLOYMENT_TARGET = 11.2;
				MTL_ENABLE_DEBUG_INFO = NO;
				SDKROOT = iphoneos;
				SWIFT_OPTIMIZATION_LEVEL = "-Owholemodule";
				VALIDATE_PRODUCT = YES;
			};
			name = Release;
		};
		DB886392201D3C8000E2613E /* Debug */ = {
			isa = XCBuildConfiguration;
			buildSettings = {
				ASSETCATALOG_COMPILER_APPICON_NAME = AppIcon;
				CODE_SIGN_STYLE = Automatic;
				DEVELOPMENT_TEAM = PQ5CM398TH;
				INFOPLIST_FILE = tippy/Info.plist;
				LD_RUNPATH_SEARCH_PATHS = "$(inherited) @executable_path/Frameworks";
				PRODUCT_BUNDLE_IDENTIFIER = edu.csumb.mma.tippy;
				PRODUCT_NAME = "$(TARGET_NAME)";
				SWIFT_VERSION = 4.0;
				TARGETED_DEVICE_FAMILY = "1,2";
			};
			name = Debug;
		};
		DB886393201D3C8000E2613E /* Release */ = {
			isa = XCBuildConfiguration;
			buildSettings = {
				ASSETCATALOG_COMPILER_APPICON_NAME = AppIcon;
				CODE_SIGN_STYLE = Automatic;
				DEVELOPMENT_TEAM = PQ5CM398TH;
				INFOPLIST_FILE = tippy/Info.plist;
				LD_RUNPATH_SEARCH_PATHS = "$(inherited) @executable_path/Frameworks";
				PRODUCT_BUNDLE_IDENTIFIER = edu.csumb.mma.tippy;
				PRODUCT_NAME = "$(TARGET_NAME)";
				SWIFT_VERSION = 4.0;
				TARGETED_DEVICE_FAMILY = "1,2";
			};
			name = Release;
		};
		DB886395201D3C8000E2613E /* Debug */ = {
			isa = XCBuildConfiguration;
			buildSettings = {
				ALWAYS_EMBED_SWIFT_STANDARD_LIBRARIES = YES;
				BUNDLE_LOADER = "$(TEST_HOST)";
				CODE_SIGN_STYLE = Automatic;
				DEVELOPMENT_TEAM = PQ5CM398TH;
				INFOPLIST_FILE = tippyTests/Info.plist;
				LD_RUNPATH_SEARCH_PATHS = "$(inherited) @executable_path/Frameworks @loader_path/Frameworks";
				PRODUCT_BUNDLE_IDENTIFIER = edu.csumb.mma.tippyTests;
				PRODUCT_NAME = "$(TARGET_NAME)";
				SWIFT_VERSION = 4.0;
				TARGETED_DEVICE_FAMILY = "1,2";
				TEST_HOST = "$(BUILT_PRODUCTS_DIR)/tippy.app/tippy";
			};
			name = Debug;
		};
		DB886396201D3C8000E2613E /* Release */ = {
			isa = XCBuildConfiguration;
			buildSettings = {
				ALWAYS_EMBED_SWIFT_STANDARD_LIBRARIES = YES;
				BUNDLE_LOADER = "$(TEST_HOST)";
				CODE_SIGN_STYLE = Automatic;
				DEVELOPMENT_TEAM = PQ5CM398TH;
				INFOPLIST_FILE = tippyTests/Info.plist;
				LD_RUNPATH_SEARCH_PATHS = "$(inherited) @executable_path/Frameworks @loader_path/Frameworks";
				PRODUCT_BUNDLE_IDENTIFIER = edu.csumb.mma.tippyTests;
				PRODUCT_NAME = "$(TARGET_NAME)";
				SWIFT_VERSION = 4.0;
				TARGETED_DEVICE_FAMILY = "1,2";
				TEST_HOST = "$(BUILT_PRODUCTS_DIR)/tippy.app/tippy";
			};
			name = Release;
		};
		DB886398201D3C8000E2613E /* Debug */ = {
			isa = XCBuildConfiguration;
			buildSettings = {
				ALWAYS_EMBED_SWIFT_STANDARD_LIBRARIES = YES;
				CODE_SIGN_STYLE = Automatic;
				DEVELOPMENT_TEAM = PQ5CM398TH;
				INFOPLIST_FILE = tippyUITests/Info.plist;
				LD_RUNPATH_SEARCH_PATHS = "$(inherited) @executable_path/Frameworks @loader_path/Frameworks";
				PRODUCT_BUNDLE_IDENTIFIER = edu.csumb.mma.tippyUITests;
				PRODUCT_NAME = "$(TARGET_NAME)";
				SWIFT_VERSION = 4.0;
				TARGETED_DEVICE_FAMILY = "1,2";
				TEST_TARGET_NAME = tippy;
			};
			name = Debug;
		};
		DB886399201D3C8000E2613E /* Release */ = {
			isa = XCBuildConfiguration;
			buildSettings = {
				ALWAYS_EMBED_SWIFT_STANDARD_LIBRARIES = YES;
				CODE_SIGN_STYLE = Automatic;
				DEVELOPMENT_TEAM = PQ5CM398TH;
				INFOPLIST_FILE = tippyUITests/Info.plist;
				LD_RUNPATH_SEARCH_PATHS = "$(inherited) @executable_path/Frameworks @loader_path/Frameworks";
				PRODUCT_BUNDLE_IDENTIFIER = edu.csumb.mma.tippyUITests;
				PRODUCT_NAME = "$(TARGET_NAME)";
				SWIFT_VERSION = 4.0;
				TARGETED_DEVICE_FAMILY = "1,2";
				TEST_TARGET_NAME = tippy;
			};
			name = Release;
		};
/* End XCBuildConfiguration section */

/* Begin XCConfigurationList section */
		DB886364201D3C7F00E2613E /* Build configuration list for PBXProject "tippy" */ = {
			isa = XCConfigurationList;
			buildConfigurations = (
				DB88638F201D3C8000E2613E /* Debug */,
				DB886390201D3C8000E2613E /* Release */,
			);
			defaultConfigurationIsVisible = 0;
			defaultConfigurationName = Release;
		};
		DB886391201D3C8000E2613E /* Build configuration list for PBXNativeTarget "tippy" */ = {
			isa = XCConfigurationList;
			buildConfigurations = (
				DB886392201D3C8000E2613E /* Debug */,
				DB886393201D3C8000E2613E /* Release */,
			);
			defaultConfigurationIsVisible = 0;
			defaultConfigurationName = Release;
		};
		DB886394201D3C8000E2613E /* Build configuration list for PBXNativeTarget "tippyTests" */ = {
			isa = XCConfigurationList;
			buildConfigurations = (
				DB886395201D3C8000E2613E /* Debug */,
				DB886396201D3C8000E2613E /* Release */,
			);
			defaultConfigurationIsVisible = 0;
			defaultConfigurationName = Release;
		};
		DB886397201D3C8000E2613E /* Build configuration list for PBXNativeTarget "tippyUITests" */ = {
			isa = XCConfigurationList;
			buildConfigurations = (
				DB886398201D3C8000E2613E /* Debug */,
				DB886399201D3C8000E2613E /* Release */,
			);
			defaultConfigurationIsVisible = 0;
			defaultConfigurationName = Release;
		};
/* End XCConfigurationList section */
	};
	rootObject = DB886361201D3C7F00E2613E /* Project object */;
}
